
Microsoft Visual Studio Solution File, Format Version 12.00
# Visual Studio Version 17
VisualStudioVersion = 17.4.33110.190
MinimumVisualStudioVersion = 10.0.40219.1
Project("{FAE04EC0-301F-11D3-BF4B-00C04F79EFBC}") = "WebAgenda", "WebAgenda\WebAgenda.csproj", "{F78FC18C-A15E-4A8C-BC6F-B25620FEEAA3}"
EndProject
Project("{2150E333-8FDC-42A3-9474-1A3956D46DE8}") = "1. UI", "1. UI", "{36C093A4-D382-421F-9335-5FC6F4FB72A9}"
EndProject
Project("{2150E333-8FDC-42A3-9474-1A3956D46DE8}") = "2.Negocio", "2.Negocio", "{D6484C0D-D4B6-4132-BDA8-9B6765475764}"
EndProject
Project("{2150E333-8FDC-42A3-9474-1A3956D46DE8}") = "3.Datos", "3.Datos", "{A6D872AB-18F5-4B26-9792-F66DB06F499A}"
EndProject
Project("{FAE04EC0-301F-11D3-BF4B-00C04F79EFBC}") = "Entidades", "Entidades\Entidades.csproj", "{ECF7EE1A-D34B-4821-BD8D-FA404CF0DA51}"
EndProject
Project("{FAE04EC0-301F-11D3-BF4B-00C04F79EFBC}") = "Negocio", "Negocio\Negocio.csproj", "{C5B0D44F-007A-4C5E-82F5-B590593DC06B}"
EndProject
Project("{FAE04EC0-301F-11D3-BF4B-00C04F79EFBC}") = "Datos", "Datos\Datos.csproj", "{CC01757F-BA10-45A2-A611-0D71962BD269}"
EndProject
Global
	GlobalSection(SolutionConfigurationPlatforms) = preSolution
		Debug|Any CPU = Debug|Any CPU
		Release|Any CPU = Release|Any CPU
	EndGlobalSection
	GlobalSection(ProjectConfigurationPlatforms) = postSolution
		{F78FC18C-A15E-4A8C-BC6F-B25620FEEAA3}.Debug|Any CPU.ActiveCfg = Debug|Any CPU
		{F78FC18C-A15E-4A8C-BC6F-B25620FEEAA3}.Debug|Any CPU.Build.0 = Debug|Any CPU
		{F78FC18C-A15E-4A8C-BC6F-B25620FEEAA3}.Release|Any CPU.ActiveCfg = Release|Any CPU
		{F78FC18C-A15E-4A8C-BC6F-B25620FEEAA3}.Release|Any CPU.Build.0 = Release|Any CPU
		{ECF7EE1A-D34B-4821-BD8D-FA404CF0DA51}.Debug|Any CPU.ActiveCfg = Debug|Any CPU
		{ECF7EE1A-D34B-4821-BD8D-FA404CF0DA51}.Debug|Any CPU.Build.0 = Debug|Any CPU
		{ECF7EE1A-D34B-4821-BD8D-FA404CF0DA51}.Release|Any CPU.ActiveCfg = Release|Any CPU
		{ECF7EE1A-D34B-4821-BD8D-FA404CF0DA51}.Release|Any CPU.Build.0 = Release|Any CPU
		{C5B0D44F-007A-4C5E-82F5-B590593DC06B}.Debug|Any CPU.ActiveCfg = Debug|Any CPU
		{C5B0D44F-007A-4C5E-82F5-B590593DC06B}.Debug|Any CPU.Build.0 = Debug|Any CPU
		{C5B0D44F-007A-4C5E-82F5-B590593DC06B}.Release|Any CPU.ActiveCfg = Release|Any CPU
		{C5B0D44F-007A-4C5E-82F5-B590593DC06B}.Release|Any CPU.Build.0 = Release|Any CPU
		{CC01757F-BA10-45A2-A611-0D71962BD269}.Debug|Any CPU.ActiveCfg = Debug|Any CPU
		{CC01757F-BA10-45A2-A611-0D71962BD269}.Debug|Any CPU.Build.0 = Debug|Any CPU
		{CC01757F-BA10-45A2-A611-0D71962BD269}.Release|Any CPU.ActiveCfg = Release|Any CPU
		{CC01757F-BA10-45A2-A611-0D71962BD269}.Release|Any CPU.Build.0 = Release|Any CPU
	EndGlobalSection
	GlobalSection(SolutionProperties) = preSolution
		HideSolutionNode = FALSE
	EndGlobalSection
	GlobalSection(NestedProjects) = preSolution
		{F78FC18C-A15E-4A8C-BC6F-B25620FEEAA3} = {36C093A4-D382-421F-9335-5FC6F4FB72A9}
		{ECF7EE1A-D34B-4821-BD8D-FA404CF0DA51} = {D6484C0D-D4B6-4132-BDA8-9B6765475764}
		{C5B0D44F-007A-4C5E-82F5-B590593DC06B} = {D6484C0D-D4B6-4132-BDA8-9B6765475764}
		{CC01757F-BA10-45A2-A611-0D71962BD269} = {A6D872AB-18F5-4B26-9792-F66DB06F499A}
	EndGlobalSection
	GlobalSection(ExtensibilityGlobals) = postSolution
		SolutionGuid = {F2FB5DC4-2334-406E-A8DE-AE3BD7E4AB6E}
	EndGlobalSection
EndGlobal
